{
  "name": "optimize",
  "version": "1.0.0",
  "lockfileVersion": 2,
  "requires": true,
  "packages": {
    "": {
      "name": "optimize",
      "version": "1.0.0",
      "license": "ISC",
      "dependencies": {
        "gltfpack": "^0.18.0"
      }
    },
    "node_modules/gltfpack": {
      "version": "0.18.0",
      "resolved": "https://registry.npmjs.org/gltfpack/-/gltfpack-0.18.0.tgz",
      "integrity": "sha512-EgMFTbd+N1uhOqn0XN+97aQHVOTM7gdoZRx8EB4LssT2OXxkN92pVQ+6FxRcELIySkOH+AO60qDHTZgD3HI1CQ==",
      "bin": {
        "gltfpack": "cli.js"
      }
    }
  },
  "dependencies": {
    "gltfpack": {
      "version": "0.18.0",
      "resolved": "https://registry.npmjs.org/gltfpack/-/gltfpack-0.18.0.tgz",
      "integrity": "sha512-EgMFTbd+N1uhOqn0XN+97aQHVOTM7gdoZRx8EB4LssT2OXxkN92pVQ+6FxRcELIySkOH+AO60qDHTZgD3HI1CQ=="
    }
  }
}
